// !$*UTF8*$!
{
	archiveVersion = 1;
	classes = {
	};
	objectVersion = 55;
	objects = {

/* Begin PBXBuildFile section */
		256B70799776AC2FB633AB1F /* Pods_Rx_Playground.framework in Frameworks */ = {isa = PBXBuildFile; fileRef = 188D6FC627014169E350E5FC /* Pods_Rx_Playground.framework */; };
		760C972E27F0B2270051F8BF /* ListTableViewCell.swift in Sources */ = {isa = PBXBuildFile; fileRef = 760C972D27F0B2270051F8BF /* ListTableViewCell.swift */; };
		760C973227F0C0420051F8BF /* ListModel.swift in Sources */ = {isa = PBXBuildFile; fileRef = 760C973127F0C0420051F8BF /* ListModel.swift */; };
		76A183A228559CEB003D2D6A /* SearchBarViewModel.swift in Sources */ = {isa = PBXBuildFile; fileRef = 76A183A128559CEB003D2D6A /* SearchBarViewModel.swift */; };
		76A183A428559E20003D2D6A /* FilterViewModel.swift in Sources */ = {isa = PBXBuildFile; fileRef = 76A183A328559E20003D2D6A /* FilterViewModel.swift */; };
		76A183A728559E7D003D2D6A /* BlogListViewModel.swift in Sources */ = {isa = PBXBuildFile; fileRef = 76A183A628559E7D003D2D6A /* BlogListViewModel.swift */; };
		76A183A928559F03003D2D6A /* DaumMainViewModel.swift in Sources */ = {isa = PBXBuildFile; fileRef = 76A183A828559F03003D2D6A /* DaumMainViewModel.swift */; };
		76A183AC2855A121003D2D6A /* DaumMainModel.swift in Sources */ = {isa = PBXBuildFile; fileRef = 76A183AB2855A121003D2D6A /* DaumMainModel.swift */; };
		76A183AE2855A43D003D2D6A /* MainVIewController.swift in Sources */ = {isa = PBXBuildFile; fileRef = 76A183AD2855A43D003D2D6A /* MainVIewController.swift */; };
		76A183B02855A462003D2D6A /* MainViewModel.swift in Sources */ = {isa = PBXBuildFile; fileRef = 76A183AF2855A462003D2D6A /* MainViewModel.swift */; };
		76A183B32855A6AF003D2D6A /* TitleTextFieldCell.swift in Sources */ = {isa = PBXBuildFile; fileRef = 76A183B22855A6AF003D2D6A /* TitleTextFieldCell.swift */; };
		76A183B52855A6BB003D2D6A /* TitleTextFieldViewModel.swift in Sources */ = {isa = PBXBuildFile; fileRef = 76A183B42855A6BB003D2D6A /* TitleTextFieldViewModel.swift */; };
		76A183B82855A7D6003D2D6A /* Category.swift in Sources */ = {isa = PBXBuildFile; fileRef = 76A183B72855A7D6003D2D6A /* Category.swift */; };
		76A183BC2855A800003D2D6A /* CategoryViewModel.swift in Sources */ = {isa = PBXBuildFile; fileRef = 76A183BB2855A800003D2D6A /* CategoryViewModel.swift */; };
		76A183BE2855A93E003D2D6A /* CategoryListViewController.swift in Sources */ = {isa = PBXBuildFile; fileRef = 76A183BD2855A93E003D2D6A /* CategoryListViewController.swift */; };
		76A183C12855AB10003D2D6A /* PriceTextFieldCellViewModel.swift in Sources */ = {isa = PBXBuildFile; fileRef = 76A183C02855AB10003D2D6A /* PriceTextFieldCellViewModel.swift */; };
		76A183C32855AE7C003D2D6A /* PriceTextFieldCell.swift in Sources */ = {isa = PBXBuildFile; fileRef = 76A183C22855AE7C003D2D6A /* PriceTextFieldCell.swift */; };
		76A183C62855B328003D2D6A /* DetailWriteFormCell.swift in Sources */ = {isa = PBXBuildFile; fileRef = 76A183C52855B328003D2D6A /* DetailWriteFormCell.swift */; };
		76A183C82855B331003D2D6A /* DetailWriteFormCellViewModel.swift in Sources */ = {isa = PBXBuildFile; fileRef = 76A183C72855B331003D2D6A /* DetailWriteFormCellViewModel.swift */; };
		76A183CB2855B702003D2D6A /* MainModel.swift in Sources */ = {isa = PBXBuildFile; fileRef = 76A183CA2855B702003D2D6A /* MainModel.swift */; };
		76A4D051285F3CB800DCC34C /* FindCVSViewController.swift in Sources */ = {isa = PBXBuildFile; fileRef = 76A4D050285F3CB800DCC34C /* FindCVSViewController.swift */; };
		76A4D079285F3DC300DCC34C /* map_pinup_custom@3x.png in Resources */ = {isa = PBXBuildFile; fileRef = 76A4D054285F3DC300DCC34C /* map_pinup_custom@3x.png */; };
		76A4D07A285F3DC300DCC34C /* map_pin_custom.png in Resources */ = {isa = PBXBuildFile; fileRef = 76A4D055285F3DC300DCC34C /* map_pin_custom.png */; };
		76A4D07B285F3DC300DCC34C /* shadow_balloon.png in Resources */ = {isa = PBXBuildFile; fileRef = 76A4D056285F3DC300DCC34C /* shadow_balloon.png */; };
		76A4D07C285F3DC300DCC34C /* map_pinup.png in Resources */ = {isa = PBXBuildFile; fileRef = 76A4D057285F3DC300DCC34C /* map_pinup.png */; };
		76A4D07D285F3DC300DCC34C /* detail_button.png in Resources */ = {isa = PBXBuildFile; fileRef = 76A4D058285F3DC300DCC34C /* detail_button.png */; };
		76A4D07E285F3DC300DCC34C /* map_pin_custom@3x.png in Resources */ = {isa = PBXBuildFile; fileRef = 76A4D059285F3DC300DCC34C /* map_pin_custom@3x.png */; };
		76A4D07F285F3DC300DCC34C /* map_pinup@3x.png in Resources */ = {isa = PBXBuildFile; fileRef = 76A4D05A285F3DC300DCC34C /* map_pinup@3x.png */; };
		76A4D080285F3DC300DCC34C /* map_pin_shadow@3x.png in Resources */ = {isa = PBXBuildFile; fileRef = 76A4D05B285F3DC300DCC34C /* map_pin_shadow@3x.png */; };
		76A4D081285F3DC300DCC34C /* copyright.png in Resources */ = {isa = PBXBuildFile; fileRef = 76A4D05C285F3DC300DCC34C /* copyright.png */; };
		76A4D082285F3DC300DCC34C /* th_line.png in Resources */ = {isa = PBXBuildFile; fileRef = 76A4D05D285F3DC300DCC34C /* th_line.png */; };
		76A4D083285F3DC300DCC34C /* map_pin_red@3x.png in Resources */ = {isa = PBXBuildFile; fileRef = 76A4D05E285F3DC300DCC34C /* map_pin_red@3x.png */; };
		76A4D084285F3DC300DCC34C /* daum_copyright.png in Resources */ = {isa = PBXBuildFile; fileRef = 76A4D05F285F3DC300DCC34C /* daum_copyright.png */; };
		76A4D085285F3DC300DCC34C /* map_pin@3x.png in Resources */ = {isa = PBXBuildFile; fileRef = 76A4D060285F3DC300DCC34C /* map_pin@3x.png */; };
		76A4D086285F3DC300DCC34C /* map_present_tracking.png in Resources */ = {isa = PBXBuildFile; fileRef = 76A4D061285F3DC300DCC34C /* map_present_tracking.png */; };
		76A4D087285F3DC300DCC34C /* map_pin_red.png in Resources */ = {isa = PBXBuildFile; fileRef = 76A4D062285F3DC300DCC34C /* map_pin_red.png */; };
		76A4D088285F3DC300DCC34C /* info_box.png in Resources */ = {isa = PBXBuildFile; fileRef = 76A4D06C285F3DC300DCC34C /* info_box.png */; };
		76A4D089285F3DC300DCC34C /* point_sprite.png in Resources */ = {isa = PBXBuildFile; fileRef = 76A4D06D285F3DC300DCC34C /* point_sprite.png */; };
		76A4D08A285F3DC300DCC34C /* map_pinup_custom.png in Resources */ = {isa = PBXBuildFile; fileRef = 76A4D06E285F3DC300DCC34C /* map_pinup_custom.png */; };
		76A4D08B285F3DC300DCC34C /* info_box_tail.png in Resources */ = {isa = PBXBuildFile; fileRef = 76A4D06F285F3DC300DCC34C /* info_box_tail.png */; };
		76A4D08C285F3DC300DCC34C /* noimage256.png in Resources */ = {isa = PBXBuildFile; fileRef = 76A4D070285F3DC300DCC34C /* noimage256.png */; };
		76A4D08D285F3DC300DCC34C /* map_present_direction.png in Resources */ = {isa = PBXBuildFile; fileRef = 76A4D071285F3DC300DCC34C /* map_present_direction.png */; };
		76A4D08E285F3DC300DCC34C /* map_pin.png in Resources */ = {isa = PBXBuildFile; fileRef = 76A4D072285F3DC300DCC34C /* map_pin.png */; };
		76A4D08F285F3DC300DCC34C /* map_present.png in Resources */ = {isa = PBXBuildFile; fileRef = 76A4D073285F3DC300DCC34C /* map_present.png */; };
		76A4D090285F3DC300DCC34C /* noimage.png in Resources */ = {isa = PBXBuildFile; fileRef = 76A4D074285F3DC300DCC34C /* noimage.png */; };
		76A4D091285F3DC300DCC34C /* map_present_background_update.png in Resources */ = {isa = PBXBuildFile; fileRef = 76A4D075285F3DC300DCC34C /* map_present_background_update.png */; };
		76A4D092285F3DC300DCC34C /* daum_th_line.png in Resources */ = {isa = PBXBuildFile; fileRef = 76A4D076285F3DC300DCC34C /* daum_th_line.png */; };
		76A4D093285F3DC300DCC34C /* map_pin_shadow.png in Resources */ = {isa = PBXBuildFile; fileRef = 76A4D077285F3DC300DCC34C /* map_pin_shadow.png */; };
		76A4D094285F3DC300DCC34C /* DaumMap.framework in Frameworks */ = {isa = PBXBuildFile; fileRef = 76A4D078285F3DC300DCC34C /* DaumMap.framework */; };
		76A4D097285F3E3F00DCC34C /* OpenGLES.framework in Frameworks */ = {isa = PBXBuildFile; fileRef = 76A4D096285F3E3F00DCC34C /* OpenGLES.framework */; };
		76A4D099285F3E4700DCC34C /* SystemConfiguration.framework in Frameworks */ = {isa = PBXBuildFile; fileRef = 76A4D098285F3E4700DCC34C /* SystemConfiguration.framework */; };
		76A4D09B285F3E5100DCC34C /* CoreLocation.framework in Frameworks */ = {isa = PBXBuildFile; fileRef = 76A4D09A285F3E5100DCC34C /* CoreLocation.framework */; };
		76A4D09D285F3E5600DCC34C /* QuartzCore.framework in Frameworks */ = {isa = PBXBuildFile; fileRef = 76A4D09C285F3E5600DCC34C /* QuartzCore.framework */; };
		76A4D09F285F3E6600DCC34C /* libc++.tbd in Frameworks */ = {isa = PBXBuildFile; fileRef = 76A4D09E285F3E6600DCC34C /* libc++.tbd */; };
		76A4D0A1285F3E7700DCC34C /* libxml2.tbd in Frameworks */ = {isa = PBXBuildFile; fileRef = 76A4D0A0285F3E7700DCC34C /* libxml2.tbd */; };
		76A4D0A3285F3E7F00DCC34C /* libsqlite3.tbd in Frameworks */ = {isa = PBXBuildFile; fileRef = 76A4D0A2285F3E7F00DCC34C /* libsqlite3.tbd */; };
		76A4D0A7285F405300DCC34C /* LocationData.swift in Sources */ = {isa = PBXBuildFile; fileRef = 76A4D0A6285F405300DCC34C /* LocationData.swift */; };
		76A4D0A9285F409300DCC34C /* KLDocument.swift in Sources */ = {isa = PBXBuildFile; fileRef = 76A4D0A8285F409300DCC34C /* KLDocument.swift */; };
		76A4D0AB285F414500DCC34C /* DetailListCellData.swift in Sources */ = {isa = PBXBuildFile; fileRef = 76A4D0AA285F414500DCC34C /* DetailListCellData.swift */; };
		76A4D0AE285F44D500DCC34C /* FindCVSViewModel.swift in Sources */ = {isa = PBXBuildFile; fileRef = 76A4D0AD285F44D500DCC34C /* FindCVSViewModel.swift */; };
		76A4D0B0285F6A3500DCC34C /* MTMapViewError.swift in Sources */ = {isa = PBXBuildFile; fileRef = 76A4D0AF285F6A3500DCC34C /* MTMapViewError.swift */; };
		76A4D0B2285F826800DCC34C /* DetailListCell.swift in Sources */ = {isa = PBXBuildFile; fileRef = 76A4D0B1285F826800DCC34C /* DetailListCell.swift */; };
		76A4D0B4285F84E200DCC34C /* DetailListBackgroundView.swift in Sources */ = {isa = PBXBuildFile; fileRef = 76A4D0B3285F84E200DCC34C /* DetailListBackgroundView.swift */; };
		76A4D0B6285F84EC00DCC34C /* DetailListBackgroundViewModel.swift in Sources */ = {isa = PBXBuildFile; fileRef = 76A4D0B5285F84EC00DCC34C /* DetailListBackgroundViewModel.swift */; };
		76C0F8D6282D51A100DBD019 /* GithubViewController.swift in Sources */ = {isa = PBXBuildFile; fileRef = 76C0F8D5282D51A100DBD019 /* GithubViewController.swift */; };
		76E0D6D02844DA1000611955 /* TestButtonViewController.swift in Sources */ = {isa = PBXBuildFile; fileRef = 76E0D6CF2844DA1000611955 /* TestButtonViewController.swift */; };
		76E0D6D4284CEBB200611955 /* DaumMainViewController.swift in Sources */ = {isa = PBXBuildFile; fileRef = 76E0D6D3284CEBB200611955 /* DaumMainViewController.swift */; };
		76E0D6D6284CECA200611955 /* SearchBar.swift in Sources */ = {isa = PBXBuildFile; fileRef = 76E0D6D5284CECA200611955 /* SearchBar.swift */; };
		76E0D6D8284CF09F00611955 /* FilterView.swift in Sources */ = {isa = PBXBuildFile; fileRef = 76E0D6D7284CF09F00611955 /* FilterView.swift */; };
		76E0D6DA284CF40200611955 /* BlogList.swift in Sources */ = {isa = PBXBuildFile; fileRef = 76E0D6D9284CF40200611955 /* BlogList.swift */; };
		76E0D6DC284CF42100611955 /* BlogListCellData.swift in Sources */ = {isa = PBXBuildFile; fileRef = 76E0D6DB284CF42100611955 /* BlogListCellData.swift */; };
		76E0D6E0284CF47400611955 /* BlogListCell.swift in Sources */ = {isa = PBXBuildFile; fileRef = 76E0D6DF284CF47400611955 /* BlogListCell.swift */; };
		76E0D6E7284CFBDB00611955 /* AlertActionConvertible.swift in Sources */ = {isa = PBXBuildFile; fileRef = 76E0D6E6284CFBDB00611955 /* AlertActionConvertible.swift */; };
		76E0D701284DBF2200611955 /* DKBlog.swift in Sources */ = {isa = PBXBuildFile; fileRef = 76E0D700284DBF2200611955 /* DKBlog.swift */; };
		76E0D704284DC0E200611955 /* SearchBlogAPI.swift in Sources */ = {isa = PBXBuildFile; fileRef = 76E0D703284DC0E200611955 /* SearchBlogAPI.swift */; };
		76E0D707284DC17100611955 /* SearchBlogNetwork.swift in Sources */ = {isa = PBXBuildFile; fileRef = 76E0D706284DC17100611955 /* SearchBlogNetwork.swift */; };
		76E3CAA0283676F300CB4F10 /* GithubListCell.swift in Sources */ = {isa = PBXBuildFile; fileRef = 76E3CA9F283676F300CB4F10 /* GithubListCell.swift */; };
		76E3CAA22837D6D000CB4F10 /* Repository.swift in Sources */ = {isa = PBXBuildFile; fileRef = 76E3CAA12837D6D000CB4F10 /* Repository.swift */; };
		76E3CAA5283A6C6900CB4F10 /* PrefetchViewController.swift in Sources */ = {isa = PBXBuildFile; fileRef = 76E3CAA4283A6C6900CB4F10 /* PrefetchViewController.swift */; };
		76E69017283BC23B00248EC8 /* PhotoViewModel.swift in Sources */ = {isa = PBXBuildFile; fileRef = 76E69016283BC23B00248EC8 /* PhotoViewModel.swift */; };
		76E69019283BC27500248EC8 /* PrefetchTableViewCell.swift in Sources */ = {isa = PBXBuildFile; fileRef = 76E69018283BC27500248EC8 /* PrefetchTableViewCell.swift */; };
		76ECD6EE27EF5D21002B473C /* AppDelegate.swift in Sources */ = {isa = PBXBuildFile; fileRef = 76ECD6ED27EF5D21002B473C /* AppDelegate.swift */; };
		76ECD6F027EF5D21002B473C /* SceneDelegate.swift in Sources */ = {isa = PBXBuildFile; fileRef = 76ECD6EF27EF5D21002B473C /* SceneDelegate.swift */; };
		76ECD6F227EF5D21002B473C /* ViewController.swift in Sources */ = {isa = PBXBuildFile; fileRef = 76ECD6F127EF5D21002B473C /* ViewController.swift */; };
		76ECD6F727EF5D21002B473C /* Assets.xcassets in Resources */ = {isa = PBXBuildFile; fileRef = 76ECD6F627EF5D21002B473C /* Assets.xcassets */; };
		76ECD6FA27EF5D21002B473C /* LaunchScreen.storyboard in Resources */ = {isa = PBXBuildFile; fileRef = 76ECD6F827EF5D21002B473C /* LaunchScreen.storyboard */; };
/* End PBXBuildFile section */

/* Begin PBXFileReference section */
		188D6FC627014169E350E5FC /* Pods_Rx_Playground.framework */ = {isa = PBXFileReference; explicitFileType = wrapper.framework; includeInIndex = 0; path = Pods_Rx_Playground.framework; sourceTree = BUILT_PRODUCTS_DIR; };
		4CFD937D61C2DCBC3324A960 /* Pods-Rx Playground.debug.xcconfig */ = {isa = PBXFileReference; includeInIndex = 1; lastKnownFileType = text.xcconfig; name = "Pods-Rx Playground.debug.xcconfig"; path = "Target Support Files/Pods-Rx Playground/Pods-Rx Playground.debug.xcconfig"; sourceTree = "<group>"; };
		760C972D27F0B2270051F8BF /* ListTableViewCell.swift */ = {isa = PBXFileReference; lastKnownFileType = sourcecode.swift; path = ListTableViewCell.swift; sourceTree = "<group>"; };
		760C973127F0C0420051F8BF /* ListModel.swift */ = {isa = PBXFileReference; lastKnownFileType = sourcecode.swift; path = ListModel.swift; sourceTree = "<group>"; };
		76A183A128559CEB003D2D6A /* SearchBarViewModel.swift */ = {isa = PBXFileReference; lastKnownFileType = sourcecode.swift; path = SearchBarViewModel.swift; sourceTree = "<group>"; };
		76A183A328559E20003D2D6A /* FilterViewModel.swift */ = {isa = PBXFileReference; lastKnownFileType = sourcecode.swift; path = FilterViewModel.swift; sourceTree = "<group>"; };
		76A183A628559E7D003D2D6A /* BlogListViewModel.swift */ = {isa = PBXFileReference; lastKnownFileType = sourcecode.swift; path = BlogListViewModel.swift; sourceTree = "<group>"; };
		76A183A828559F03003D2D6A /* DaumMainViewModel.swift */ = {isa = PBXFileReference; lastKnownFileType = sourcecode.swift; path = DaumMainViewModel.swift; sourceTree = "<group>"; };
		76A183AB2855A121003D2D6A /* DaumMainModel.swift */ = {isa = PBXFileReference; lastKnownFileType = sourcecode.swift; path = DaumMainModel.swift; sourceTree = "<group>"; };
		76A183AD2855A43D003D2D6A /* MainVIewController.swift */ = {isa = PBXFileReference; lastKnownFileType = sourcecode.swift; path = MainVIewController.swift; sourceTree = "<group>"; };
		76A183AF2855A462003D2D6A /* MainViewModel.swift */ = {isa = PBXFileReference; lastKnownFileType = sourcecode.swift; path = MainViewModel.swift; sourceTree = "<group>"; };
		76A183B22855A6AF003D2D6A /* TitleTextFieldCell.swift */ = {isa = PBXFileReference; lastKnownFileType = sourcecode.swift; path = TitleTextFieldCell.swift; sourceTree = "<group>"; };
		76A183B42855A6BB003D2D6A /* TitleTextFieldViewModel.swift */ = {isa = PBXFileReference; lastKnownFileType = sourcecode.swift; path = TitleTextFieldViewModel.swift; sourceTree = "<group>"; };
		76A183B72855A7D6003D2D6A /* Category.swift */ = {isa = PBXFileReference; lastKnownFileType = sourcecode.swift; path = Category.swift; sourceTree = "<group>"; };
		76A183BB2855A800003D2D6A /* CategoryViewModel.swift */ = {isa = PBXFileReference; lastKnownFileType = sourcecode.swift; path = CategoryViewModel.swift; sourceTree = "<group>"; };
		76A183BD2855A93E003D2D6A /* CategoryListViewController.swift */ = {isa = PBXFileReference; lastKnownFileType = sourcecode.swift; path = CategoryListViewController.swift; sourceTree = "<group>"; };
		76A183C02855AB10003D2D6A /* PriceTextFieldCellViewModel.swift */ = {isa = PBXFileReference; lastKnownFileType = sourcecode.swift; path = PriceTextFieldCellViewModel.swift; sourceTree = "<group>"; };
		76A183C22855AE7C003D2D6A /* PriceTextFieldCell.swift */ = {isa = PBXFileReference; lastKnownFileType = sourcecode.swift; path = PriceTextFieldCell.swift; sourceTree = "<group>"; };
		76A183C52855B328003D2D6A /* DetailWriteFormCell.swift */ = {isa = PBXFileReference; lastKnownFileType = sourcecode.swift; path = DetailWriteFormCell.swift; sourceTree = "<group>"; };
		76A183C72855B331003D2D6A /* DetailWriteFormCellViewModel.swift */ = {isa = PBXFileReference; lastKnownFileType = sourcecode.swift; path = DetailWriteFormCellViewModel.swift; sourceTree = "<group>"; };
		76A183CA2855B702003D2D6A /* MainModel.swift */ = {isa = PBXFileReference; lastKnownFileType = sourcecode.swift; path = MainModel.swift; sourceTree = "<group>"; };
		76A4D050285F3CB800DCC34C /* FindCVSViewController.swift */ = {isa = PBXFileReference; lastKnownFileType = sourcecode.swift; path = FindCVSViewController.swift; sourceTree = "<group>"; };
		76A4D054285F3DC300DCC34C /* map_pinup_custom@3x.png */ = {isa = PBXFileReference; lastKnownFileType = image.png; path = "map_pinup_custom@3x.png"; sourceTree = "<group>"; };
		76A4D055285F3DC300DCC34C /* map_pin_custom.png */ = {isa = PBXFileReference; lastKnownFileType = image.png; path = map_pin_custom.png; sourceTree = "<group>"; };
		76A4D056285F3DC300DCC34C /* shadow_balloon.png */ = {isa = PBXFileReference; lastKnownFileType = image.png; path = shadow_balloon.png; sourceTree = "<group>"; };
		76A4D057285F3DC300DCC34C /* map_pinup.png */ = {isa = PBXFileReference; lastKnownFileType = image.png; path = map_pinup.png; sourceTree = "<group>"; };
		76A4D058285F3DC300DCC34C /* detail_button.png */ = {isa = PBXFileReference; lastKnownFileType = image.png; path = detail_button.png; sourceTree = "<group>"; };
		76A4D059285F3DC300DCC34C /* map_pin_custom@3x.png */ = {isa = PBXFileReference; lastKnownFileType = image.png; path = "map_pin_custom@3x.png"; sourceTree = "<group>"; };
		76A4D05A285F3DC300DCC34C /* map_pinup@3x.png */ = {isa = PBXFileReference; lastKnownFileType = image.png; path = "map_pinup@3x.png"; sourceTree = "<group>"; };
		76A4D05B285F3DC300DCC34C /* map_pin_shadow@3x.png */ = {isa = PBXFileReference; lastKnownFileType = image.png; path = "map_pin_shadow@3x.png"; sourceTree = "<group>"; };
		76A4D05C285F3DC300DCC34C /* copyright.png */ = {isa = PBXFileReference; lastKnownFileType = image.png; path = copyright.png; sourceTree = "<group>"; };
		76A4D05D285F3DC300DCC34C /* th_line.png */ = {isa = PBXFileReference; lastKnownFileType = image.png; path = th_line.png; sourceTree = "<group>"; };
		76A4D05E285F3DC300DCC34C /* map_pin_red@3x.png */ = {isa = PBXFileReference; lastKnownFileType = image.png; path = "map_pin_red@3x.png"; sourceTree = "<group>"; };
		76A4D05F285F3DC300DCC34C /* daum_copyright.png */ = {isa = PBXFileReference; lastKnownFileType = image.png; path = daum_copyright.png; sourceTree = "<group>"; };
		76A4D060285F3DC300DCC34C /* map_pin@3x.png */ = {isa = PBXFileReference; lastKnownFileType = image.png; path = "map_pin@3x.png"; sourceTree = "<group>"; };
		76A4D061285F3DC300DCC34C /* map_present_tracking.png */ = {isa = PBXFileReference; lastKnownFileType = image.png; path = map_present_tracking.png; sourceTree = "<group>"; };
		76A4D062285F3DC300DCC34C /* map_pin_red.png */ = {isa = PBXFileReference; lastKnownFileType = image.png; path = map_pin_red.png; sourceTree = "<group>"; };
		76A4D064285F3DC300DCC34C /* MTMapPOIItem.h */ = {isa = PBXFileReference; fileEncoding = 4; lastKnownFileType = sourcecode.c.h; path = MTMapPOIItem.h; sourceTree = "<group>"; };
		76A4D065285F3DC300DCC34C /* MTMapCameraUpdate.h */ = {isa = PBXFileReference; fileEncoding = 4; lastKnownFileType = sourcecode.c.h; path = MTMapCameraUpdate.h; sourceTree = "<group>"; };
		76A4D066285F3DC300DCC34C /* MTMapReverseGeoCoder.h */ = {isa = PBXFileReference; fileEncoding = 4; lastKnownFileType = sourcecode.c.h; path = MTMapReverseGeoCoder.h; sourceTree = "<group>"; };
		76A4D067285F3DC300DCC34C /* MTMapPolyline.h */ = {isa = PBXFileReference; fileEncoding = 4; lastKnownFileType = sourcecode.c.h; path = MTMapPolyline.h; sourceTree = "<group>"; };
		76A4D068285F3DC300DCC34C /* MTMapLocationMarkerItem.h */ = {isa = PBXFileReference; fileEncoding = 4; lastKnownFileType = sourcecode.c.h; path = MTMapLocationMarkerItem.h; sourceTree = "<group>"; };
		76A4D069285F3DC300DCC34C /* MTMapView.h */ = {isa = PBXFileReference; fileEncoding = 4; lastKnownFileType = sourcecode.c.h; path = MTMapView.h; sourceTree = "<group>"; };
		76A4D06A285F3DC300DCC34C /* MTMapGeometry.h */ = {isa = PBXFileReference; fileEncoding = 4; lastKnownFileType = sourcecode.c.h; path = MTMapGeometry.h; sourceTree = "<group>"; };
		76A4D06B285F3DC300DCC34C /* MTMapCircle.h */ = {isa = PBXFileReference; fileEncoding = 4; lastKnownFileType = sourcecode.c.h; path = MTMapCircle.h; sourceTree = "<group>"; };
		76A4D06C285F3DC300DCC34C /* info_box.png */ = {isa = PBXFileReference; lastKnownFileType = image.png; path = info_box.png; sourceTree = "<group>"; };
		76A4D06D285F3DC300DCC34C /* point_sprite.png */ = {isa = PBXFileReference; lastKnownFileType = image.png; path = point_sprite.png; sourceTree = "<group>"; };
		76A4D06E285F3DC300DCC34C /* map_pinup_custom.png */ = {isa = PBXFileReference; lastKnownFileType = image.png; path = map_pinup_custom.png; sourceTree = "<group>"; };
		76A4D06F285F3DC300DCC34C /* info_box_tail.png */ = {isa = PBXFileReference; lastKnownFileType = image.png; path = info_box_tail.png; sourceTree = "<group>"; };
		76A4D070285F3DC300DCC34C /* noimage256.png */ = {isa = PBXFileReference; lastKnownFileType = image.png; path = noimage256.png; sourceTree = "<group>"; };
		76A4D071285F3DC300DCC34C /* map_present_direction.png */ = {isa = PBXFileReference; lastKnownFileType = image.png; path = map_present_direction.png; sourceTree = "<group>"; };
		76A4D072285F3DC300DCC34C /* map_pin.png */ = {isa = PBXFileReference; lastKnownFileType = image.png; path = map_pin.png; sourceTree = "<group>"; };
		76A4D073285F3DC300DCC34C /* map_present.png */ = {isa = PBXFileReference; lastKnownFileType = image.png; path = map_present.png; sourceTree = "<group>"; };
		76A4D074285F3DC300DCC34C /* noimage.png */ = {isa = PBXFileReference; lastKnownFileType = image.png; path = noimage.png; sourceTree = "<group>"; };
		76A4D075285F3DC300DCC34C /* map_present_background_update.png */ = {isa = PBXFileReference; lastKnownFileType = image.png; path = map_present_background_update.png; sourceTree = "<group>"; };
		76A4D076285F3DC300DCC34C /* daum_th_line.png */ = {isa = PBXFileReference; lastKnownFileType = image.png; path = daum_th_line.png; sourceTree = "<group>"; };
		76A4D077285F3DC300DCC34C /* map_pin_shadow.png */ = {isa = PBXFileReference; lastKnownFileType = image.png; path = map_pin_shadow.png; sourceTree = "<group>"; };
		76A4D078285F3DC300DCC34C /* DaumMap.framework */ = {isa = PBXFileReference; lastKnownFileType = wrapper.framework; path = DaumMap.framework; sourceTree = "<group>"; };
		76A4D095285F3DE800DCC34C /* BridgingHeader.h */ = {isa = PBXFileReference; lastKnownFileType = sourcecode.c.h; path = BridgingHeader.h; sourceTree = "<group>"; };
		76A4D096285F3E3F00DCC34C /* OpenGLES.framework */ = {isa = PBXFileReference; lastKnownFileType = wrapper.framework; name = OpenGLES.framework; path = System/Library/Frameworks/OpenGLES.framework; sourceTree = SDKROOT; };
		76A4D098285F3E4700DCC34C /* SystemConfiguration.framework */ = {isa = PBXFileReference; lastKnownFileType = wrapper.framework; name = SystemConfiguration.framework; path = System/Library/Frameworks/SystemConfiguration.framework; sourceTree = SDKROOT; };
		76A4D09A285F3E5100DCC34C /* CoreLocation.framework */ = {isa = PBXFileReference; lastKnownFileType = wrapper.framework; name = CoreLocation.framework; path = System/Library/Frameworks/CoreLocation.framework; sourceTree = SDKROOT; };
		76A4D09C285F3E5600DCC34C /* QuartzCore.framework */ = {isa = PBXFileReference; lastKnownFileType = wrapper.framework; name = QuartzCore.framework; path = System/Library/Frameworks/QuartzCore.framework; sourceTree = SDKROOT; };
		76A4D09E285F3E6600DCC34C /* libc++.tbd */ = {isa = PBXFileReference; lastKnownFileType = "sourcecode.text-based-dylib-definition"; name = "libc++.tbd"; path = "usr/lib/libc++.tbd"; sourceTree = SDKROOT; };
		76A4D0A0285F3E7700DCC34C /* libxml2.tbd */ = {isa = PBXFileReference; lastKnownFileType = "sourcecode.text-based-dylib-definition"; name = libxml2.tbd; path = usr/lib/libxml2.tbd; sourceTree = SDKROOT; };
		76A4D0A2285F3E7F00DCC34C /* libsqlite3.tbd */ = {isa = PBXFileReference; lastKnownFileType = "sourcecode.text-based-dylib-definition"; name = libsqlite3.tbd; path = usr/lib/libsqlite3.tbd; sourceTree = SDKROOT; };
		76A4D0A6285F405300DCC34C /* LocationData.swift */ = {isa = PBXFileReference; lastKnownFileType = sourcecode.swift; path = LocationData.swift; sourceTree = "<group>"; };
		76A4D0A8285F409300DCC34C /* KLDocument.swift */ = {isa = PBXFileReference; lastKnownFileType = sourcecode.swift; path = KLDocument.swift; sourceTree = "<group>"; };
		76A4D0AA285F414500DCC34C /* DetailListCellData.swift */ = {isa = PBXFileReference; lastKnownFileType = sourcecode.swift; path = DetailListCellData.swift; sourceTree = "<group>"; };
		76A4D0AD285F44D500DCC34C /* FindCVSViewModel.swift */ = {isa = PBXFileReference; lastKnownFileType = sourcecode.swift; path = FindCVSViewModel.swift; sourceTree = "<group>"; };
		76A4D0AF285F6A3500DCC34C /* MTMapViewError.swift */ = {isa = PBXFileReference; lastKnownFileType = sourcecode.swift; path = MTMapViewError.swift; sourceTree = "<group>"; };
		76A4D0B1285F826800DCC34C /* DetailListCell.swift */ = {isa = PBXFileReference; lastKnownFileType = sourcecode.swift; path = DetailListCell.swift; sourceTree = "<group>"; };
		76A4D0B3285F84E200DCC34C /* DetailListBackgroundView.swift */ = {isa = PBXFileReference; lastKnownFileType = sourcecode.swift; path = DetailListBackgroundView.swift; sourceTree = "<group>"; };
		76A4D0B5285F84EC00DCC34C /* DetailListBackgroundViewModel.swift */ = {isa = PBXFileReference; lastKnownFileType = sourcecode.swift; path = DetailListBackgroundViewModel.swift; sourceTree = "<group>"; };
		76C0F8D5282D51A100DBD019 /* GithubViewController.swift */ = {isa = PBXFileReference; lastKnownFileType = sourcecode.swift; path = GithubViewController.swift; sourceTree = "<group>"; };
		76E0D6CF2844DA1000611955 /* TestButtonViewController.swift */ = {isa = PBXFileReference; lastKnownFileType = sourcecode.swift; path = TestButtonViewController.swift; sourceTree = "<group>"; };
		76E0D6D2284C8BF600611955 /* CombiningOperators.playground */ = {isa = PBXFileReference; lastKnownFileType = file.playground; path = CombiningOperators.playground; sourceTree = "<group>"; xcLanguageSpecificationIdentifier = xcode.lang.swift; };
		76E0D6D3284CEBB200611955 /* DaumMainViewController.swift */ = {isa = PBXFileReference; lastKnownFileType = sourcecode.swift; path = DaumMainViewController.swift; sourceTree = "<group>"; };
		76E0D6D5284CECA200611955 /* SearchBar.swift */ = {isa = PBXFileReference; lastKnownFileType = sourcecode.swift; path = SearchBar.swift; sourceTree = "<group>"; };
		76E0D6D7284CF09F00611955 /* FilterView.swift */ = {isa = PBXFileReference; lastKnownFileType = sourcecode.swift; path = FilterView.swift; sourceTree = "<group>"; };
		76E0D6D9284CF40200611955 /* BlogList.swift */ = {isa = PBXFileReference; lastKnownFileType = sourcecode.swift; path = BlogList.swift; sourceTree = "<group>"; };
		76E0D6DB284CF42100611955 /* BlogListCellData.swift */ = {isa = PBXFileReference; lastKnownFileType = sourcecode.swift; path = BlogListCellData.swift; sourceTree = "<group>"; };
		76E0D6DF284CF47400611955 /* BlogListCell.swift */ = {isa = PBXFileReference; lastKnownFileType = sourcecode.swift; path = BlogListCell.swift; sourceTree = "<group>"; };
		76E0D6E6284CFBDB00611955 /* AlertActionConvertible.swift */ = {isa = PBXFileReference; lastKnownFileType = sourcecode.swift; path = AlertActionConvertible.swift; sourceTree = "<group>"; };
		76E0D700284DBF2200611955 /* DKBlog.swift */ = {isa = PBXFileReference; lastKnownFileType = sourcecode.swift; path = DKBlog.swift; sourceTree = "<group>"; };
		76E0D703284DC0E200611955 /* SearchBlogAPI.swift */ = {isa = PBXFileReference; lastKnownFileType = sourcecode.swift; path = SearchBlogAPI.swift; sourceTree = "<group>"; };
		76E0D706284DC17100611955 /* SearchBlogNetwork.swift */ = {isa = PBXFileReference; lastKnownFileType = sourcecode.swift; path = SearchBlogNetwork.swift; sourceTree = "<group>"; };
		76E3CA9A282FF2E900CB4F10 /* Observable.playground */ = {isa = PBXFileReference; lastKnownFileType = file.playground; path = Observable.playground; sourceTree = "<group>"; xcLanguageSpecificationIdentifier = xcode.lang.swift; };
		76E3CA9B28312A9200CB4F10 /* Traits.playground */ = {isa = PBXFileReference; lastKnownFileType = file.playground; path = Traits.playground; sourceTree = "<group>"; xcLanguageSpecificationIdentifier = xcode.lang.swift; };
		76E3CA9C283133A900CB4F10 /* Subject.playground */ = {isa = PBXFileReference; lastKnownFileType = file.playground; path = Subject.playground; sourceTree = "<group>"; xcLanguageSpecificationIdentifier = xcode.lang.swift; };
		76E3CA9D28313AD000CB4F10 /* FilteringOperators.playground */ = {isa = PBXFileReference; lastKnownFileType = file.playground; path = FilteringOperators.playground; sourceTree = "<group>"; xcLanguageSpecificationIdentifier = xcode.lang.swift; };
		76E3CA9E283140F200CB4F10 /* TransformingOperators.playground */ = {isa = PBXFileReference; lastKnownFileType = file.playground; path = TransformingOperators.playground; sourceTree = "<group>"; xcLanguageSpecificationIdentifier = xcode.lang.swift; };
		76E3CA9F283676F300CB4F10 /* GithubListCell.swift */ = {isa = PBXFileReference; lastKnownFileType = sourcecode.swift; path = GithubListCell.swift; sourceTree = "<group>"; };
		76E3CAA12837D6D000CB4F10 /* Repository.swift */ = {isa = PBXFileReference; lastKnownFileType = sourcecode.swift; path = Repository.swift; sourceTree = "<group>"; };
		76E3CAA4283A6C6900CB4F10 /* PrefetchViewController.swift */ = {isa = PBXFileReference; lastKnownFileType = sourcecode.swift; path = PrefetchViewController.swift; sourceTree = "<group>"; };
		76E69016283BC23B00248EC8 /* PhotoViewModel.swift */ = {isa = PBXFileReference; lastKnownFileType = sourcecode.swift; path = PhotoViewModel.swift; sourceTree = "<group>"; };
		76E69018283BC27500248EC8 /* PrefetchTableViewCell.swift */ = {isa = PBXFileReference; lastKnownFileType = sourcecode.swift; path = PrefetchTableViewCell.swift; sourceTree = "<group>"; };
		76ECD6EA27EF5D21002B473C /* Rx Playground.app */ = {isa = PBXFileReference; explicitFileType = wrapper.application; includeInIndex = 0; path = "Rx Playground.app"; sourceTree = BUILT_PRODUCTS_DIR; };
		76ECD6ED27EF5D21002B473C /* AppDelegate.swift */ = {isa = PBXFileReference; lastKnownFileType = sourcecode.swift; path = AppDelegate.swift; sourceTree = "<group>"; };
		76ECD6EF27EF5D21002B473C /* SceneDelegate.swift */ = {isa = PBXFileReference; lastKnownFileType = sourcecode.swift; path = SceneDelegate.swift; sourceTree = "<group>"; };
		76ECD6F127EF5D21002B473C /* ViewController.swift */ = {isa = PBXFileReference; lastKnownFileType = sourcecode.swift; path = ViewController.swift; sourceTree = "<group>"; };
		76ECD6F627EF5D21002B473C /* Assets.xcassets */ = {isa = PBXFileReference; lastKnownFileType = folder.assetcatalog; path = Assets.xcassets; sourceTree = "<group>"; };
		76ECD6F927EF5D21002B473C /* Base */ = {isa = PBXFileReference; lastKnownFileType = file.storyboard; name = Base; path = Base.lproj/LaunchScreen.storyboard; sourceTree = "<group>"; };
		76ECD6FB27EF5D21002B473C /* Info.plist */ = {isa = PBXFileReference; lastKnownFileType = text.plist.xml; path = Info.plist; sourceTree = "<group>"; };
		BF6CE08FDD77FCD643C5815B /* Pods-Rx Playground.release.xcconfig */ = {isa = PBXFileReference; includeInIndex = 1; lastKnownFileType = text.xcconfig; name = "Pods-Rx Playground.release.xcconfig"; path = "Target Support Files/Pods-Rx Playground/Pods-Rx Playground.release.xcconfig"; sourceTree = "<group>"; };
/* End PBXFileReference section */

/* Begin PBXFrameworksBuildPhase section */
		76ECD6E727EF5D21002B473C /* Frameworks */ = {
			isa = PBXFrameworksBuildPhase;
			buildActionMask = 2147483647;
			files = (
				76A4D0A3285F3E7F00DCC34C /* libsqlite3.tbd in Frameworks */,
				76A4D0A1285F3E7700DCC34C /* libxml2.tbd in Frameworks */,
				76A4D09F285F3E6600DCC34C /* libc++.tbd in Frameworks */,
				76A4D09D285F3E5600DCC34C /* QuartzCore.framework in Frameworks */,
				76A4D09B285F3E5100DCC34C /* CoreLocation.framework in Frameworks */,
				76A4D099285F3E4700DCC34C /* SystemConfiguration.framework in Frameworks */,
				76A4D097285F3E3F00DCC34C /* OpenGLES.framework in Frameworks */,
				76A4D094285F3DC300DCC34C /* DaumMap.framework in Frameworks */,
				256B70799776AC2FB633AB1F /* Pods_Rx_Playground.framework in Frameworks */,
			);
			runOnlyForDeploymentPostprocessing = 0;
		};
/* End PBXFrameworksBuildPhase section */

/* Begin PBXGroup section */
		760C972F27F0B42D0051F8BF /* Ch.1_Github */ = {
			isa = PBXGroup;
			children = (
				76C0F8D5282D51A100DBD019 /* GithubViewController.swift */,
				76E3CAA12837D6D000CB4F10 /* Repository.swift */,
				76E3CA9F283676F300CB4F10 /* GithubListCell.swift */,
			);
			path = Ch.1_Github;
			sourceTree = "<group>";
		};
		760C973027F0B4730051F8BF /* Ch.0_Main */ = {
			isa = PBXGroup;
			children = (
				76ECD6F127EF5D21002B473C /* ViewController.swift */,
				760C972D27F0B2270051F8BF /* ListTableViewCell.swift */,
				760C973127F0C0420051F8BF /* ListModel.swift */,
			);
			path = Ch.0_Main;
			sourceTree = "<group>";
		};
		76A183A028559A4A003D2D6A /* Ch.3 */ = {
			isa = PBXGroup;
			children = (
				76A183B92855A7EC003D2D6A /* Entity */,
				76A183B12855A695003D2D6A /* MainViewController */,
			);
			path = Ch.3;
			sourceTree = "<group>";
		};
		76A183A528559E27003D2D6A /* FilterView */ = {
			isa = PBXGroup;
			children = (
				76E0D6D7284CF09F00611955 /* FilterView.swift */,
				76A183A328559E20003D2D6A /* FilterViewModel.swift */,
			);
			path = FilterView;
			sourceTree = "<group>";
		};
		76A183AA28559F0F003D2D6A /* MainViewController */ = {
			isa = PBXGroup;
			children = (
				76E0D6D3284CEBB200611955 /* DaumMainViewController.swift */,
				76A183A828559F03003D2D6A /* DaumMainViewModel.swift */,
				76A183AB2855A121003D2D6A /* DaumMainModel.swift */,
			);
			path = MainViewController;
			sourceTree = "<group>";
		};
		76A183B12855A695003D2D6A /* MainViewController */ = {
			isa = PBXGroup;
			children = (
				76A183AD2855A43D003D2D6A /* MainVIewController.swift */,
				76A183AF2855A462003D2D6A /* MainViewModel.swift */,
				76A183CA2855B702003D2D6A /* MainModel.swift */,
				76A183B62855A6BE003D2D6A /* TitleTextFieldCell */,
				76A183BF2855AAD6003D2D6A /* CategoryViewController */,
				76A183C42855B2D8003D2D6A /* PriceTextFieldCell */,
				76A183C92855B339003D2D6A /* DetailWriteFormCell */,
			);
			path = MainViewController;
			sourceTree = "<group>";
		};
		76A183B62855A6BE003D2D6A /* TitleTextFieldCell */ = {
			isa = PBXGroup;
			children = (
				76A183B22855A6AF003D2D6A /* TitleTextFieldCell.swift */,
				76A183B42855A6BB003D2D6A /* TitleTextFieldViewModel.swift */,
			);
			path = TitleTextFieldCell;
			sourceTree = "<group>";
		};
		76A183B92855A7EC003D2D6A /* Entity */ = {
			isa = PBXGroup;
			children = (
				76A183B72855A7D6003D2D6A /* Category.swift */,
			);
			path = Entity;
			sourceTree = "<group>";
		};
		76A183BF2855AAD6003D2D6A /* CategoryViewController */ = {
			isa = PBXGroup;
			children = (
				76A183BB2855A800003D2D6A /* CategoryViewModel.swift */,
				76A183BD2855A93E003D2D6A /* CategoryListViewController.swift */,
			);
			path = CategoryViewController;
			sourceTree = "<group>";
		};
		76A183C42855B2D8003D2D6A /* PriceTextFieldCell */ = {
			isa = PBXGroup;
			children = (
				76A183C02855AB10003D2D6A /* PriceTextFieldCellViewModel.swift */,
				76A183C22855AE7C003D2D6A /* PriceTextFieldCell.swift */,
			);
			path = PriceTextFieldCell;
			sourceTree = "<group>";
		};
		76A183C92855B339003D2D6A /* DetailWriteFormCell */ = {
			isa = PBXGroup;
			children = (
				76A183C52855B328003D2D6A /* DetailWriteFormCell.swift */,
				76A183C72855B331003D2D6A /* DetailWriteFormCellViewModel.swift */,
			);
			path = DetailWriteFormCell;
			sourceTree = "<group>";
		};
		76A4D04D285F10FE00DCC34C /* Part5 */ = {
			isa = PBXGroup;
			children = (
				76A4D04F285F36E900DCC34C /* Ch.1 */,
			);
			path = Part5;
			sourceTree = "<group>";
		};
		76A4D04E285F110F00DCC34C /* Part4 */ = {
			isa = PBXGroup;
			children = (
				760C972F27F0B42D0051F8BF /* Ch.1_Github */,
				76E0D6D1284BA6C300611955 /* Ch.2_Daum */,
				76A183A028559A4A003D2D6A /* Ch.3 */,
			);
			path = Part4;
			sourceTree = "<group>";
		};
		76A4D04F285F36E900DCC34C /* Ch.1 */ = {
			isa = PBXGroup;
			children = (
				76A4D0AC285F44AF00DCC34C /* Presentation */,
				76A4D0A5285F403000DCC34C /* Entities */,
			);
			path = Ch.1;
			sourceTree = "<group>";
		};
		76A4D052285F3DC300DCC34C /* DaumMap.embeddedframework */ = {
			isa = PBXGroup;
			children = (
				76A4D053285F3DC300DCC34C /* Resources */,
				76A4D078285F3DC300DCC34C /* DaumMap.framework */,
			);
			path = DaumMap.embeddedframework;
			sourceTree = "<group>";
		};
		76A4D053285F3DC300DCC34C /* Resources */ = {
			isa = PBXGroup;
			children = (
				76A4D054285F3DC300DCC34C /* map_pinup_custom@3x.png */,
				76A4D055285F3DC300DCC34C /* map_pin_custom.png */,
				76A4D056285F3DC300DCC34C /* shadow_balloon.png */,
				76A4D057285F3DC300DCC34C /* map_pinup.png */,
				76A4D058285F3DC300DCC34C /* detail_button.png */,
				76A4D059285F3DC300DCC34C /* map_pin_custom@3x.png */,
				76A4D05A285F3DC300DCC34C /* map_pinup@3x.png */,
				76A4D05B285F3DC300DCC34C /* map_pin_shadow@3x.png */,
				76A4D05C285F3DC300DCC34C /* copyright.png */,
				76A4D05D285F3DC300DCC34C /* th_line.png */,
				76A4D05E285F3DC300DCC34C /* map_pin_red@3x.png */,
				76A4D05F285F3DC300DCC34C /* daum_copyright.png */,
				76A4D060285F3DC300DCC34C /* map_pin@3x.png */,
				76A4D061285F3DC300DCC34C /* map_present_tracking.png */,
				76A4D062285F3DC300DCC34C /* map_pin_red.png */,
				76A4D063285F3DC300DCC34C /* Headers */,
				76A4D06C285F3DC300DCC34C /* info_box.png */,
				76A4D06D285F3DC300DCC34C /* point_sprite.png */,
				76A4D06E285F3DC300DCC34C /* map_pinup_custom.png */,
				76A4D06F285F3DC300DCC34C /* info_box_tail.png */,
				76A4D070285F3DC300DCC34C /* noimage256.png */,
				76A4D071285F3DC300DCC34C /* map_present_direction.png */,
				76A4D072285F3DC300DCC34C /* map_pin.png */,
				76A4D073285F3DC300DCC34C /* map_present.png */,
				76A4D074285F3DC300DCC34C /* noimage.png */,
				76A4D075285F3DC300DCC34C /* map_present_background_update.png */,
				76A4D076285F3DC300DCC34C /* daum_th_line.png */,
				76A4D077285F3DC300DCC34C /* map_pin_shadow.png */,
			);
			path = Resources;
			sourceTree = "<group>";
		};
		76A4D063285F3DC300DCC34C /* Headers */ = {
			isa = PBXGroup;
			children = (
				76A4D064285F3DC300DCC34C /* MTMapPOIItem.h */,
				76A4D065285F3DC300DCC34C /* MTMapCameraUpdate.h */,
				76A4D066285F3DC300DCC34C /* MTMapReverseGeoCoder.h */,
				76A4D067285F3DC300DCC34C /* MTMapPolyline.h */,
				76A4D068285F3DC300DCC34C /* MTMapLocationMarkerItem.h */,
				76A4D069285F3DC300DCC34C /* MTMapView.h */,
				76A4D06A285F3DC300DCC34C /* MTMapGeometry.h */,
				76A4D06B285F3DC300DCC34C /* MTMapCircle.h */,
			);
			path = Headers;
			sourceTree = "<group>";
		};
		76A4D0A4285F400400DCC34C /* Playgrounds */ = {
			isa = PBXGroup;
			children = (
				76E3CA9A282FF2E900CB4F10 /* Observable.playground */,
				76E3CA9B28312A9200CB4F10 /* Traits.playground */,
				76E3CA9C283133A900CB4F10 /* Subject.playground */,
				76E3CA9D28313AD000CB4F10 /* FilteringOperators.playground */,
				76E3CA9E283140F200CB4F10 /* TransformingOperators.playground */,
				76E0D6D2284C8BF600611955 /* CombiningOperators.playground */,
			);
			path = Playgrounds;
			sourceTree = "<group>";
		};
		76A4D0A5285F403000DCC34C /* Entities */ = {
			isa = PBXGroup;
			children = (
				76A4D0AF285F6A3500DCC34C /* MTMapViewError.swift */,
				76A4D0A6285F405300DCC34C /* LocationData.swift */,
				76A4D0A8285F409300DCC34C /* KLDocument.swift */,
				76A4D0AA285F414500DCC34C /* DetailListCellData.swift */,
			);
			path = Entities;
			sourceTree = "<group>";
		};
		76A4D0AC285F44AF00DCC34C /* Presentation */ = {
			isa = PBXGroup;
			children = (
				76A4D050285F3CB800DCC34C /* FindCVSViewController.swift */,
				76A4D0AD285F44D500DCC34C /* FindCVSViewModel.swift */,
				76A4D0B1285F826800DCC34C /* DetailListCell.swift */,
				76A4D0B3285F84E200DCC34C /* DetailListBackgroundView.swift */,
				76A4D0B5285F84EC00DCC34C /* DetailListBackgroundViewModel.swift */,
			);
			path = Presentation;
			sourceTree = "<group>";
		};
		76C0F8D4282D4F6200DBD019 /* Common */ = {
			isa = PBXGroup;
			children = (
				76ECD6ED27EF5D21002B473C /* AppDelegate.swift */,
				76ECD6EF27EF5D21002B473C /* SceneDelegate.swift */,
				76ECD6F827EF5D21002B473C /* LaunchScreen.storyboard */,
				76ECD6F627EF5D21002B473C /* Assets.xcassets */,
			);
			path = Common;
			sourceTree = "<group>";
		};
		76E0D6CE2844D9DE00611955 /* Ch.0-2_Button */ = {
			isa = PBXGroup;
			children = (
				76E0D6CF2844DA1000611955 /* TestButtonViewController.swift */,
			);
			path = "Ch.0-2_Button";
			sourceTree = "<group>";
		};
		76E0D6D1284BA6C300611955 /* Ch.2_Daum */ = {
			isa = PBXGroup;
			children = (
				76E0D705284DC0E500611955 /* Network */,
				76E0D6DE284CF43000611955 /* Entities */,
				76E0D6DD284CF42800611955 /* Presentation */,
			);
			path = Ch.2_Daum;
			sourceTree = "<group>";
		};
		76E0D6DD284CF42800611955 /* Presentation */ = {
			isa = PBXGroup;
			children = (
				76A183AA28559F0F003D2D6A /* MainViewController */,
				76E0D6E2284CFB0000611955 /* SubComponents */,
			);
			path = Presentation;
			sourceTree = "<group>";
		};
		76E0D6DE284CF43000611955 /* Entities */ = {
			isa = PBXGroup;
			children = (
				76E0D6DB284CF42100611955 /* BlogListCellData.swift */,
				76E0D6E6284CFBDB00611955 /* AlertActionConvertible.swift */,
				76E0D700284DBF2200611955 /* DKBlog.swift */,
			);
			path = Entities;
			sourceTree = "<group>";
		};
		76E0D6E2284CFB0000611955 /* SubComponents */ = {
			isa = PBXGroup;
			children = (
				76E0D6E4284CFB2800611955 /* SearchBar */,
				76E0D6E3284CFB1B00611955 /* BlogListView */,
			);
			path = SubComponents;
			sourceTree = "<group>";
		};
		76E0D6E3284CFB1B00611955 /* BlogListView */ = {
			isa = PBXGroup;
			children = (
				76E0D6D9284CF40200611955 /* BlogList.swift */,
				76A183A628559E7D003D2D6A /* BlogListViewModel.swift */,
				76E0D6E5284CFB3500611955 /* SubComponents */,
			);
			path = BlogListView;
			sourceTree = "<group>";
		};
		76E0D6E4284CFB2800611955 /* SearchBar */ = {
			isa = PBXGroup;
			children = (
				76E0D6D5284CECA200611955 /* SearchBar.swift */,
				76A183A128559CEB003D2D6A /* SearchBarViewModel.swift */,
			);
			path = SearchBar;
			sourceTree = "<group>";
		};
		76E0D6E5284CFB3500611955 /* SubComponents */ = {
			isa = PBXGroup;
			children = (
				76A183A528559E27003D2D6A /* FilterView */,
				76E0D6DF284CF47400611955 /* BlogListCell.swift */,
			);
			path = SubComponents;
			sourceTree = "<group>";
		};
		76E0D705284DC0E500611955 /* Network */ = {
			isa = PBXGroup;
			children = (
				76E0D703284DC0E200611955 /* SearchBlogAPI.swift */,
				76E0D706284DC17100611955 /* SearchBlogNetwork.swift */,
			);
			path = Network;
			sourceTree = "<group>";
		};
		76E3CAA3283A6C3D00CB4F10 /* Ch.0-1_Prefetch */ = {
			isa = PBXGroup;
			children = (
				76E3CAA4283A6C6900CB4F10 /* PrefetchViewController.swift */,
				76E69016283BC23B00248EC8 /* PhotoViewModel.swift */,
				76E69018283BC27500248EC8 /* PrefetchTableViewCell.swift */,
			);
			path = "Ch.0-1_Prefetch";
			sourceTree = "<group>";
		};
		76ECD6E127EF5D21002B473C = {
			isa = PBXGroup;
			children = (
				76ECD6EC27EF5D21002B473C /* Rx Playground */,
				76ECD6EB27EF5D21002B473C /* Products */,
				839F168B0876AA602583C36D /* Pods */,
				D5CFA78655542F46C54A2A86 /* Frameworks */,
			);
			sourceTree = "<group>";
		};
		76ECD6EB27EF5D21002B473C /* Products */ = {
			isa = PBXGroup;
			children = (
				76ECD6EA27EF5D21002B473C /* Rx Playground.app */,
			);
			name = Products;
			sourceTree = "<group>";
		};
		76ECD6EC27EF5D21002B473C /* Rx Playground */ = {
			isa = PBXGroup;
			children = (
				76A4D095285F3DE800DCC34C /* BridgingHeader.h */,
				76ECD6FB27EF5D21002B473C /* Info.plist */,
				76A4D0A4285F400400DCC34C /* Playgrounds */,
				76C0F8D4282D4F6200DBD019 /* Common */,
				760C973027F0B4730051F8BF /* Ch.0_Main */,
				76E3CAA3283A6C3D00CB4F10 /* Ch.0-1_Prefetch */,
				76E0D6CE2844D9DE00611955 /* Ch.0-2_Button */,
				76A4D04E285F110F00DCC34C /* Part4 */,
				76A4D04D285F10FE00DCC34C /* Part5 */,
			);
			path = "Rx Playground";
			sourceTree = "<group>";
		};
		839F168B0876AA602583C36D /* Pods */ = {
			isa = PBXGroup;
			children = (
				4CFD937D61C2DCBC3324A960 /* Pods-Rx Playground.debug.xcconfig */,
				BF6CE08FDD77FCD643C5815B /* Pods-Rx Playground.release.xcconfig */,
			);
			path = Pods;
			sourceTree = "<group>";
		};
		D5CFA78655542F46C54A2A86 /* Frameworks */ = {
			isa = PBXGroup;
			children = (
				76A4D0A2285F3E7F00DCC34C /* libsqlite3.tbd */,
				76A4D0A0285F3E7700DCC34C /* libxml2.tbd */,
				76A4D09E285F3E6600DCC34C /* libc++.tbd */,
				76A4D09C285F3E5600DCC34C /* QuartzCore.framework */,
				76A4D09A285F3E5100DCC34C /* CoreLocation.framework */,
				76A4D098285F3E4700DCC34C /* SystemConfiguration.framework */,
				76A4D096285F3E3F00DCC34C /* OpenGLES.framework */,
				76A4D052285F3DC300DCC34C /* DaumMap.embeddedframework */,
				188D6FC627014169E350E5FC /* Pods_Rx_Playground.framework */,
			);
			name = Frameworks;
			sourceTree = "<group>";
		};
/* End PBXGroup section */

/* Begin PBXNativeTarget section */
		76ECD6E927EF5D21002B473C /* Rx Playground */ = {
			isa = PBXNativeTarget;
			buildConfigurationList = 76ECD6FE27EF5D21002B473C /* Build configuration list for PBXNativeTarget "Rx Playground" */;
			buildPhases = (
				13D0B8384D213A441045F614 /* [CP] Check Pods Manifest.lock */,
				76ECD6E627EF5D21002B473C /* Sources */,
				76ECD6E727EF5D21002B473C /* Frameworks */,
				76ECD6E827EF5D21002B473C /* Resources */,
				9BFF6F7259C1CE49E5C2E973 /* [CP] Embed Pods Frameworks */,
			);
			buildRules = (
			);
			dependencies = (
			);
			name = "Rx Playground";
			productName = "Rx Playground";
			productReference = 76ECD6EA27EF5D21002B473C /* Rx Playground.app */;
			productType = "com.apple.product-type.application";
		};
/* End PBXNativeTarget section */

/* Begin PBXProject section */
		76ECD6E227EF5D21002B473C /* Project object */ = {
			isa = PBXProject;
			attributes = {
				BuildIndependentTargetsInParallel = 1;
				LastSwiftUpdateCheck = 1320;
				LastUpgradeCheck = 1320;
				TargetAttributes = {
					76ECD6E927EF5D21002B473C = {
						CreatedOnToolsVersion = 13.2.1;
					};
				};
			};
			buildConfigurationList = 76ECD6E527EF5D21002B473C /* Build configuration list for PBXProject "Rx Playground" */;
			compatibilityVersion = "Xcode 13.0";
			developmentRegion = en;
			hasScannedForEncodings = 0;
			knownRegions = (
				en,
				Base,
			);
			mainGroup = 76ECD6E127EF5D21002B473C;
			productRefGroup = 76ECD6EB27EF5D21002B473C /* Products */;
			projectDirPath = "";
			projectRoot = "";
			targets = (
				76ECD6E927EF5D21002B473C /* Rx Playground */,
			);
		};
/* End PBXProject section */

/* Begin PBXResourcesBuildPhase section */
		76ECD6E827EF5D21002B473C /* Resources */ = {
			isa = PBXResourcesBuildPhase;
			buildActionMask = 2147483647;
			files = (
				76A4D08B285F3DC300DCC34C /* info_box_tail.png in Resources */,
				76A4D080285F3DC300DCC34C /* map_pin_shadow@3x.png in Resources */,
				76A4D08E285F3DC300DCC34C /* map_pin.png in Resources */,
				76A4D087285F3DC300DCC34C /* map_pin_red.png in Resources */,
				76A4D07F285F3DC300DCC34C /* map_pinup@3x.png in Resources */,
				76A4D089285F3DC300DCC34C /* point_sprite.png in Resources */,
				76A4D085285F3DC300DCC34C /* map_pin@3x.png in Resources */,
				76A4D08C285F3DC300DCC34C /* noimage256.png in Resources */,
				76A4D08F285F3DC300DCC34C /* map_present.png in Resources */,
				76A4D084285F3DC300DCC34C /* daum_copyright.png in Resources */,
				76A4D081285F3DC300DCC34C /* copyright.png in Resources */,
				76A4D07B285F3DC300DCC34C /* shadow_balloon.png in Resources */,
				76A4D07E285F3DC300DCC34C /* map_pin_custom@3x.png in Resources */,
				76A4D082285F3DC300DCC34C /* th_line.png in Resources */,
				76A4D08A285F3DC300DCC34C /* map_pinup_custom.png in Resources */,
				76ECD6FA27EF5D21002B473C /* LaunchScreen.storyboard in Resources */,
				76A4D092285F3DC300DCC34C /* daum_th_line.png in Resources */,
				76A4D079285F3DC300DCC34C /* map_pinup_custom@3x.png in Resources */,
				76ECD6F727EF5D21002B473C /* Assets.xcassets in Resources */,
				76A4D086285F3DC300DCC34C /* map_present_tracking.png in Resources */,
				76A4D093285F3DC300DCC34C /* map_pin_shadow.png in Resources */,
				76A4D08D285F3DC300DCC34C /* map_present_direction.png in Resources */,
				76A4D091285F3DC300DCC34C /* map_present_background_update.png in Resources */,
				76A4D07D285F3DC300DCC34C /* detail_button.png in Resources */,
				76A4D083285F3DC300DCC34C /* map_pin_red@3x.png in Resources */,
				76A4D090285F3DC300DCC34C /* noimage.png in Resources */,
				76A4D088285F3DC300DCC34C /* info_box.png in Resources */,
				76A4D07A285F3DC300DCC34C /* map_pin_custom.png in Resources */,
				76A4D07C285F3DC300DCC34C /* map_pinup.png in Resources */,
			);
			runOnlyForDeploymentPostprocessing = 0;
		};
/* End PBXResourcesBuildPhase section */

/* Begin PBXShellScriptBuildPhase section */
		13D0B8384D213A441045F614 /* [CP] Check Pods Manifest.lock */ = {
			isa = PBXShellScriptBuildPhase;
			buildActionMask = 2147483647;
			files = (
			);
			inputFileListPaths = (
			);
			inputPaths = (
				"${PODS_PODFILE_DIR_PATH}/Podfile.lock",
				"${PODS_ROOT}/Manifest.lock",
			);
			name = "[CP] Check Pods Manifest.lock";
			outputFileListPaths = (
			);
			outputPaths = (
				"$(DERIVED_FILE_DIR)/Pods-Rx Playground-checkManifestLockResult.txt",
			);
			runOnlyForDeploymentPostprocessing = 0;
			shellPath = /bin/sh;
			shellScript = "diff \"${PODS_PODFILE_DIR_PATH}/Podfile.lock\" \"${PODS_ROOT}/Manifest.lock\" > /dev/null\nif [ $? != 0 ] ; then\n    # print error to STDERR\n    echo \"error: The sandbox is not in sync with the Podfile.lock. Run 'pod install' or update your CocoaPods installation.\" >&2\n    exit 1\nfi\n# This output is used by Xcode 'outputs' to avoid re-running this script phase.\necho \"SUCCESS\" > \"${SCRIPT_OUTPUT_FILE_0}\"\n";
			showEnvVarsInLog = 0;
		};
		9BFF6F7259C1CE49E5C2E973 /* [CP] Embed Pods Frameworks */ = {
			isa = PBXShellScriptBuildPhase;
			buildActionMask = 2147483647;
			files = (
			);
			inputFileListPaths = (
				"${PODS_ROOT}/Target Support Files/Pods-Rx Playground/Pods-Rx Playground-frameworks-${CONFIGURATION}-input-files.xcfilelist",
			);
			name = "[CP] Embed Pods Frameworks";
			outputFileListPaths = (
				"${PODS_ROOT}/Target Support Files/Pods-Rx Playground/Pods-Rx Playground-frameworks-${CONFIGURATION}-output-files.xcfilelist",
			);
			runOnlyForDeploymentPostprocessing = 0;
			shellPath = /bin/sh;
			shellScript = "\"${PODS_ROOT}/Target Support Files/Pods-Rx Playground/Pods-Rx Playground-frameworks.sh\"\n";
			showEnvVarsInLog = 0;
		};
/* End PBXShellScriptBuildPhase section */

/* Begin PBXSourcesBuildPhase section */
		76ECD6E627EF5D21002B473C /* Sources */ = {
			isa = PBXSourcesBuildPhase;
			buildActionMask = 2147483647;
			files = (
				76ECD6F227EF5D21002B473C /* ViewController.swift in Sources */,
				76ECD6EE27EF5D21002B473C /* AppDelegate.swift in Sources */,
				76E0D701284DBF2200611955 /* DKBlog.swift in Sources */,
				76E0D704284DC0E200611955 /* SearchBlogAPI.swift in Sources */,
				76A183BE2855A93E003D2D6A /* CategoryListViewController.swift in Sources */,
				760C973227F0C0420051F8BF /* ListModel.swift in Sources */,
				76A183A928559F03003D2D6A /* DaumMainViewModel.swift in Sources */,
				76A4D0B4285F84E200DCC34C /* DetailListBackgroundView.swift in Sources */,
				76E0D6E0284CF47400611955 /* BlogListCell.swift in Sources */,
				76A183B82855A7D6003D2D6A /* Category.swift in Sources */,
				76A183A228559CEB003D2D6A /* SearchBarViewModel.swift in Sources */,
				76A183B02855A462003D2D6A /* MainViewModel.swift in Sources */,
				76A4D0A9285F409300DCC34C /* KLDocument.swift in Sources */,
				76E69019283BC27500248EC8 /* PrefetchTableViewCell.swift in Sources */,
				76A183C12855AB10003D2D6A /* PriceTextFieldCellViewModel.swift in Sources */,
				76E0D6E7284CFBDB00611955 /* AlertActionConvertible.swift in Sources */,
				76A4D0A7285F405300DCC34C /* LocationData.swift in Sources */,
				76A183CB2855B702003D2D6A /* MainModel.swift in Sources */,
				76E0D6DC284CF42100611955 /* BlogListCellData.swift in Sources */,
				76A183A428559E20003D2D6A /* FilterViewModel.swift in Sources */,
				76E0D6D02844DA1000611955 /* TestButtonViewController.swift in Sources */,
				76A4D051285F3CB800DCC34C /* FindCVSViewController.swift in Sources */,
				76E3CAA22837D6D000CB4F10 /* Repository.swift in Sources */,
				76E3CAA5283A6C6900CB4F10 /* PrefetchViewController.swift in Sources */,
				76E0D6D6284CECA200611955 /* SearchBar.swift in Sources */,
				76E3CAA0283676F300CB4F10 /* GithubListCell.swift in Sources */,
				76E0D6DA284CF40200611955 /* BlogList.swift in Sources */,
				76A183A728559E7D003D2D6A /* BlogListViewModel.swift in Sources */,
				76A183C82855B331003D2D6A /* DetailWriteFormCellViewModel.swift in Sources */,
				76A183AE2855A43D003D2D6A /* MainVIewController.swift in Sources */,
				76E0D6D4284CEBB200611955 /* DaumMainViewController.swift in Sources */,
				76A4D0AE285F44D500DCC34C /* FindCVSViewModel.swift in Sources */,
				76C0F8D6282D51A100DBD019 /* GithubViewController.swift in Sources */,
				76A4D0B6285F84EC00DCC34C /* DetailListBackgroundViewModel.swift in Sources */,
				76ECD6F027EF5D21002B473C /* SceneDelegate.swift in Sources */,
				76A183BC2855A800003D2D6A /* CategoryViewModel.swift in Sources */,
				76A4D0B0285F6A3500DCC34C /* MTMapViewError.swift in Sources */,
				76A183B52855A6BB003D2D6A /* TitleTextFieldViewModel.swift in Sources */,
				760C972E27F0B2270051F8BF /* ListTableViewCell.swift in Sources */,
				76A183AC2855A121003D2D6A /* DaumMainModel.swift in Sources */,
				76A4D0B2285F826800DCC34C /* DetailListCell.swift in Sources */,
				76A183C62855B328003D2D6A /* DetailWriteFormCell.swift in Sources */,
				76E0D6D8284CF09F00611955 /* FilterView.swift in Sources */,
				76E0D707284DC17100611955 /* SearchBlogNetwork.swift in Sources */,
				76A4D0AB285F414500DCC34C /* DetailListCellData.swift in Sources */,
				76A183B32855A6AF003D2D6A /* TitleTextFieldCell.swift in Sources */,
				76E69017283BC23B00248EC8 /* PhotoViewModel.swift in Sources */,
				76A183C32855AE7C003D2D6A /* PriceTextFieldCell.swift in Sources */,
			);
			runOnlyForDeploymentPostprocessing = 0;
		};
/* End PBXSourcesBuildPhase section */

/* Begin PBXVariantGroup section */
		76ECD6F827EF5D21002B473C /* LaunchScreen.storyboard */ = {
			isa = PBXVariantGroup;
			children = (
				76ECD6F927EF5D21002B473C /* Base */,
			);
			name = LaunchScreen.storyboard;
			sourceTree = "<group>";
		};
/* End PBXVariantGroup section */

/* Begin XCBuildConfiguration section */
		76ECD6FC27EF5D21002B473C /* Debug */ = {
			isa = XCBuildConfiguration;
			buildSettings = {
				ALWAYS_SEARCH_USER_PATHS = NO;
				CLANG_ANALYZER_NONNULL = YES;
				CLANG_ANALYZER_NUMBER_OBJECT_CONVERSION = YES_AGGRESSIVE;
				CLANG_CXX_LANGUAGE_STANDARD = "gnu++17";
				CLANG_CXX_LIBRARY = "libc++";
				CLANG_ENABLE_MODULES = YES;
				CLANG_ENABLE_OBJC_ARC = NO;
				CLANG_ENABLE_OBJC_WEAK = YES;
				CLANG_WARN_BLOCK_CAPTURE_AUTORELEASING = YES;
				CLANG_WARN_BOOL_CONVERSION = YES;
				CLANG_WARN_COMMA = YES;
				CLANG_WARN_CONSTANT_CONVERSION = YES;
				CLANG_WARN_DEPRECATED_OBJC_IMPLEMENTATIONS = YES;
				CLANG_WARN_DIRECT_OBJC_ISA_USAGE = YES_ERROR;
				CLANG_WARN_DOCUMENTATION_COMMENTS = YES;
				CLANG_WARN_EMPTY_BODY = YES;
				CLANG_WARN_ENUM_CONVERSION = YES;
				CLANG_WARN_INFINITE_RECURSION = YES;
				CLANG_WARN_INT_CONVERSION = YES;
				CLANG_WARN_NON_LITERAL_NULL_CONVERSION = YES;
				CLANG_WARN_OBJC_IMPLICIT_RETAIN_SELF = YES;
				CLANG_WARN_OBJC_LITERAL_CONVERSION = YES;
				CLANG_WARN_OBJC_ROOT_CLASS = YES_ERROR;
				CLANG_WARN_QUOTED_INCLUDE_IN_FRAMEWORK_HEADER = YES;
				CLANG_WARN_RANGE_LOOP_ANALYSIS = YES;
				CLANG_WARN_STRICT_PROTOTYPES = YES;
				CLANG_WARN_SUSPICIOUS_MOVE = YES;
				CLANG_WARN_UNGUARDED_AVAILABILITY = YES_AGGRESSIVE;
				CLANG_WARN_UNREACHABLE_CODE = YES;
				CLANG_WARN__DUPLICATE_METHOD_MATCH = YES;
				COPY_PHASE_STRIP = NO;
				DEBUG_INFORMATION_FORMAT = dwarf;
				ENABLE_STRICT_OBJC_MSGSEND = YES;
				ENABLE_TESTABILITY = YES;
				GCC_C_LANGUAGE_STANDARD = gnu11;
				GCC_DYNAMIC_NO_PIC = NO;
				GCC_NO_COMMON_BLOCKS = YES;
				GCC_OPTIMIZATION_LEVEL = 0;
				GCC_PREPROCESSOR_DEFINITIONS = (
					"DEBUG=1",
					"$(inherited)",
				);
				GCC_WARN_64_TO_32_BIT_CONVERSION = YES;
				GCC_WARN_ABOUT_RETURN_TYPE = YES_ERROR;
				GCC_WARN_UNDECLARED_SELECTOR = YES;
				GCC_WARN_UNINITIALIZED_AUTOS = YES_AGGRESSIVE;
				GCC_WARN_UNUSED_FUNCTION = YES;
				GCC_WARN_UNUSED_VARIABLE = YES;
				IPHONEOS_DEPLOYMENT_TARGET = 15.2;
				MTL_ENABLE_DEBUG_INFO = INCLUDE_SOURCE;
				MTL_FAST_MATH = YES;
				ONLY_ACTIVE_ARCH = YES;
				SDKROOT = iphoneos;
				SWIFT_ACTIVE_COMPILATION_CONDITIONS = DEBUG;
				SWIFT_OPTIMIZATION_LEVEL = "-Onone";
			};
			name = Debug;
		};
		76ECD6FD27EF5D21002B473C /* Release */ = {
			isa = XCBuildConfiguration;
			buildSettings = {
				ALWAYS_SEARCH_USER_PATHS = NO;
				CLANG_ANALYZER_NONNULL = YES;
				CLANG_ANALYZER_NUMBER_OBJECT_CONVERSION = YES_AGGRESSIVE;
				CLANG_CXX_LANGUAGE_STANDARD = "gnu++17";
				CLANG_CXX_LIBRARY = "libc++";
				CLANG_ENABLE_MODULES = YES;
				CLANG_ENABLE_OBJC_ARC = NO;
				CLANG_ENABLE_OBJC_WEAK = YES;
				CLANG_WARN_BLOCK_CAPTURE_AUTORELEASING = YES;
				CLANG_WARN_BOOL_CONVERSION = YES;
				CLANG_WARN_COMMA = YES;
				CLANG_WARN_CONSTANT_CONVERSION = YES;
				CLANG_WARN_DEPRECATED_OBJC_IMPLEMENTATIONS = YES;
				CLANG_WARN_DIRECT_OBJC_ISA_USAGE = YES_ERROR;
				CLANG_WARN_DOCUMENTATION_COMMENTS = YES;
				CLANG_WARN_EMPTY_BODY = YES;
				CLANG_WARN_ENUM_CONVERSION = YES;
				CLANG_WARN_INFINITE_RECURSION = YES;
				CLANG_WARN_INT_CONVERSION = YES;
				CLANG_WARN_NON_LITERAL_NULL_CONVERSION = YES;
				CLANG_WARN_OBJC_IMPLICIT_RETAIN_SELF = YES;
				CLANG_WARN_OBJC_LITERAL_CONVERSION = YES;
				CLANG_WARN_OBJC_ROOT_CLASS = YES_ERROR;
				CLANG_WARN_QUOTED_INCLUDE_IN_FRAMEWORK_HEADER = YES;
				CLANG_WARN_RANGE_LOOP_ANALYSIS = YES;
				CLANG_WARN_STRICT_PROTOTYPES = YES;
				CLANG_WARN_SUSPICIOUS_MOVE = YES;
				CLANG_WARN_UNGUARDED_AVAILABILITY = YES_AGGRESSIVE;
				CLANG_WARN_UNREACHABLE_CODE = YES;
				CLANG_WARN__DUPLICATE_METHOD_MATCH = YES;
				COPY_PHASE_STRIP = NO;
				DEBUG_INFORMATION_FORMAT = "dwarf-with-dsym";
				ENABLE_NS_ASSERTIONS = NO;
				ENABLE_STRICT_OBJC_MSGSEND = YES;
				GCC_C_LANGUAGE_STANDARD = gnu11;
				GCC_NO_COMMON_BLOCKS = YES;
				GCC_WARN_64_TO_32_BIT_CONVERSION = YES;
				GCC_WARN_ABOUT_RETURN_TYPE = YES_ERROR;
				GCC_WARN_UNDECLARED_SELECTOR = YES;
				GCC_WARN_UNINITIALIZED_AUTOS = YES_AGGRESSIVE;
				GCC_WARN_UNUSED_FUNCTION = YES;
				GCC_WARN_UNUSED_VARIABLE = YES;
				IPHONEOS_DEPLOYMENT_TARGET = 15.2;
				MTL_ENABLE_DEBUG_INFO = NO;
				MTL_FAST_MATH = YES;
				SDKROOT = iphoneos;
				SWIFT_COMPILATION_MODE = wholemodule;
				SWIFT_OPTIMIZATION_LEVEL = "-O";
				VALIDATE_PRODUCT = YES;
			};
			name = Release;
		};
		76ECD6FF27EF5D21002B473C /* Debug */ = {
			isa = XCBuildConfiguration;
			baseConfigurationReference = 4CFD937D61C2DCBC3324A960 /* Pods-Rx Playground.debug.xcconfig */;
			buildSettings = {
				ASSETCATALOG_COMPILER_APPICON_NAME = AppIcon;
				ASSETCATALOG_COMPILER_GLOBAL_ACCENT_COLOR_NAME = AccentColor;
				CODE_SIGN_STYLE = Automatic;
				CURRENT_PROJECT_VERSION = 1;
				DEVELOPMENT_TEAM = P9MW78T4QB;
				FRAMEWORK_SEARCH_PATHS = (
					"$(inherited)",
					"$(PROJECT_DIR)/DaumMap.embeddedframework",
				);
				GENERATE_INFOPLIST_FILE = YES;
				INFOPLIST_FILE = "Rx Playground/Info.plist";
				INFOPLIST_KEY_UIApplicationSupportsIndirectInputEvents = YES;
				INFOPLIST_KEY_UILaunchStoryboardName = LaunchScreen;
				INFOPLIST_KEY_UISupportedInterfaceOrientations_iPad = "UIInterfaceOrientationPortrait UIInterfaceOrientationPortraitUpsideDown UIInterfaceOrientationLandscapeLeft UIInterfaceOrientationLandscapeRight";
				INFOPLIST_KEY_UISupportedInterfaceOrientations_iPhone = "UIInterfaceOrientationPortrait UIInterfaceOrientationLandscapeLeft UIInterfaceOrientationLandscapeRight";
				LD_RUNPATH_SEARCH_PATHS = (
					"$(inherited)",
					"@executable_path/Frameworks",
				);
				MARKETING_VERSION = 1.0;
				PRODUCT_BUNDLE_IDENTIFIER = "com.chagmn.Rx-Playground";
				PRODUCT_NAME = "$(TARGET_NAME)";
				SWIFT_EMIT_LOC_STRINGS = YES;
				SWIFT_OBJC_BRIDGING_HEADER = "/Users/changmin/Documents/Xcode Project/Study/Rx Playground/Rx Playground/BridgingHeader.h";
				SWIFT_VERSION = 5.0;
				TARGETED_DEVICE_FAMILY = "1,2";
			};
			name = Debug;
		};
		76ECD70027EF5D21002B473C /* Release */ = {
			isa = XCBuildConfiguration;
			baseConfigurationReference = BF6CE08FDD77FCD643C5815B /* Pods-Rx Playground.release.xcconfig */;
			buildSettings = {
				ASSETCATALOG_COMPILER_APPICON_NAME = AppIcon;
				ASSETCATALOG_COMPILER_GLOBAL_ACCENT_COLOR_NAME = AccentColor;
				CODE_SIGN_STYLE = Automatic;
				CURRENT_PROJECT_VERSION = 1;
				DEVELOPMENT_TEAM = P9MW78T4QB;
				FRAMEWORK_SEARCH_PATHS = (
					"$(inherited)",
					"$(PROJECT_DIR)/DaumMap.embeddedframework",
				);
				GENERATE_INFOPLIST_FILE = YES;
				INFOPLIST_FILE = "Rx Playground/Info.plist";
				INFOPLIST_KEY_UIApplicationSupportsIndirectInputEvents = YES;
				INFOPLIST_KEY_UILaunchStoryboardName = LaunchScreen;
				INFOPLIST_KEY_UISupportedInterfaceOrientations_iPad = "UIInterfaceOrientationPortrait UIInterfaceOrientationPortraitUpsideDown UIInterfaceOrientationLandscapeLeft UIInterfaceOrientationLandscapeRight";
				INFOPLIST_KEY_UISupportedInterfaceOrientations_iPhone = "UIInterfaceOrientationPortrait UIInterfaceOrientationLandscapeLeft UIInterfaceOrientationLandscapeRight";
				LD_RUNPATH_SEARCH_PATHS = (
					"$(inherited)",
					"@executable_path/Frameworks",
				);
				MARKETING_VERSION = 1.0;
				PRODUCT_BUNDLE_IDENTIFIER = "com.chagmn.Rx-Playground";
				PRODUCT_NAME = "$(TARGET_NAME)";
				SWIFT_EMIT_LOC_STRINGS = YES;
				SWIFT_OBJC_BRIDGING_HEADER = "/Users/changmin/Documents/Xcode Project/Study/Rx Playground/Rx Playground/BridgingHeader.h";
				SWIFT_VERSION = 5.0;
				TARGETED_DEVICE_FAMILY = "1,2";
			};
			name = Release;
		};
/* End XCBuildConfiguration section */

/* Begin XCConfigurationList section */
		76ECD6E527EF5D21002B473C /* Build configuration list for PBXProject "Rx Playground" */ = {
			isa = XCConfigurationList;
			buildConfigurations = (
				76ECD6FC27EF5D21002B473C /* Debug */,
				76ECD6FD27EF5D21002B473C /* Release */,
			);
			defaultConfigurationIsVisible = 0;
			defaultConfigurationName = Release;
		};
		76ECD6FE27EF5D21002B473C /* Build configuration list for PBXNativeTarget "Rx Playground" */ = {
			isa = XCConfigurationList;
			buildConfigurations = (
				76ECD6FF27EF5D21002B473C /* Debug */,
				76ECD70027EF5D21002B473C /* Release */,
			);
			defaultConfigurationIsVisible = 0;
			defaultConfigurationName = Release;
		};
/* End XCConfigurationList section */
	};
	rootObject = 76ECD6E227EF5D21002B473C /* Project object */;
}
